
Microsoft Visual Studio Solution File, Format Version 12.00
# Visual Studio Version 17
VisualStudioVersion = 17.13.35931.197
MinimumVisualStudioVersion = 10.0.40219.1
Project("{FAE04EC0-301F-11D3-BF4B-00C04F79EFBC}") = "RecordClient", "RecordClient.csproj", "{4F941D69-36FE-2794-B888-E358E190960A}"
EndProject
Global
	GlobalSection(SolutionConfigurationPlatforms) = preSolution
		Debug|Any CPU = Debug|Any CPU
		Release|Any CPU = Release|Any CPU
	EndGlobalSection
	GlobalSection(ProjectConfigurationPlatforms) = postSolution
		{4F941D69-36FE-2794-B888-E358E190960A}.Debug|Any CPU.ActiveCfg = Debug|Any CPU
		{4F941D69-36FE-2794-B888-E358E190960A}.Debug|Any CPU.Build.0 = Debug|Any CPU
		{4F941D69-36FE-2794-B888-E358E190960A}.Release|Any CPU.ActiveCfg = Release|Any CPU
		{4F941D69-36FE-2794-B888-E358E190960A}.Release|Any CPU.Build.0 = Release|Any CPU
	EndGlobalSection
	GlobalSection(SolutionProperties) = preSolution
		HideSolutionNode = FALSE
	EndGlobalSection
	GlobalSection(ExtensibilityGlobals) = postSolution
		VisualSVNWorkingCopyRoot = .
		SolutionGuid = {ED691D07-6E0E-48A5-BE81-647F7D9DC26F}
	EndGlobalSection
EndGlobal
